
Microsoft Visual Studio Solution File, Format Version 12.00
# Visual Studio Version 17
VisualStudioVersion = 17.1.32210.238
MinimumVisualStudioVersion = 10.0.40219.1
Project("{FAE04EC0-301F-11D3-BF4B-00C04F79EFBC}") = "Assignment 6.3 Application for banking domain", "Assignment 5.3 Application for banking domain\Assignment 6.3 Application for banking domain.csproj", "{ECD50CFB-DDB6-4C83-B152-47322506246C}"
EndProject
Global
	GlobalSection(SolutionConfigurationPlatforms) = preSolution
		Debug|Any CPU = Debug|Any CPU
		Release|Any CPU = Release|Any CPU
	EndGlobalSection
	GlobalSection(ProjectConfigurationPlatforms) = postSolution
		{ECD50CFB-DDB6-4C83-B152-47322506246C}.Debug|Any CPU.ActiveCfg = Debug|Any CPU
		{ECD50CFB-DDB6-4C83-B152-47322506246C}.Debug|Any CPU.Build.0 = Debug|Any CPU
		{ECD50CFB-DDB6-4C83-B152-47322506246C}.Release|Any CPU.ActiveCfg = Release|Any CPU
		{ECD50CFB-DDB6-4C83-B152-47322506246C}.Release|Any CPU.Build.0 = Release|Any CPU
	EndGlobalSection
	GlobalSection(SolutionProperties) = preSolution
		HideSolutionNode = FALSE
	EndGlobalSection
	GlobalSection(ExtensibilityGlobals) = postSolution
		SolutionGuid = {D71AB073-BCD4-4871-8562-81830C23B129}
	EndGlobalSection
EndGlobal
