
Microsoft Visual Studio Solution File, Format Version 12.00
# Visual Studio Version 17
VisualStudioVersion = 17.1.32210.238
MinimumVisualStudioVersion = 10.0.40219.1
Project("{FAE04EC0-301F-11D3-BF4B-00C04F79EFBC}") = "Assignment 1.6", "Assignment 1.6\Assignment 1.6.csproj", "{35C1DB31-DCD9-4EE0-A9D1-B1FC8939498C}"
EndProject
Global
	GlobalSection(SolutionConfigurationPlatforms) = preSolution
		Debug|Any CPU = Debug|Any CPU
		Release|Any CPU = Release|Any CPU
	EndGlobalSection
	GlobalSection(ProjectConfigurationPlatforms) = postSolution
		{35C1DB31-DCD9-4EE0-A9D1-B1FC8939498C}.Debug|Any CPU.ActiveCfg = Debug|Any CPU
		{35C1DB31-DCD9-4EE0-A9D1-B1FC8939498C}.Debug|Any CPU.Build.0 = Debug|Any CPU
		{35C1DB31-DCD9-4EE0-A9D1-B1FC8939498C}.Release|Any CPU.ActiveCfg = Release|Any CPU
		{35C1DB31-DCD9-4EE0-A9D1-B1FC8939498C}.Release|Any CPU.Build.0 = Release|Any CPU
	EndGlobalSection
	GlobalSection(SolutionProperties) = preSolution
		HideSolutionNode = FALSE
	EndGlobalSection
	GlobalSection(ExtensibilityGlobals) = postSolution
		SolutionGuid = {8FA8D4B3-BA97-48FC-AC55-4BD4A6F3FA44}
	EndGlobalSection
EndGlobal
