
Microsoft Visual Studio Solution File, Format Version 12.00
# Visual Studio Version 17
VisualStudioVersion = 17.1.32210.238
MinimumVisualStudioVersion = 10.0.40219.1
Project("{FAE04EC0-301F-11D3-BF4B-00C04F79EFBC}") = "Assignment 4 Custom Exception", "Assignment 4 Custom Exception\Assignment 4 Custom Exception.csproj", "{79827B1E-CFBF-4C24-B04D-482EAA7DDB6F}"
EndProject
Global
	GlobalSection(SolutionConfigurationPlatforms) = preSolution
		Debug|Any CPU = Debug|Any CPU
		Release|Any CPU = Release|Any CPU
	EndGlobalSection
	GlobalSection(ProjectConfigurationPlatforms) = postSolution
		{79827B1E-CFBF-4C24-B04D-482EAA7DDB6F}.Debug|Any CPU.ActiveCfg = Debug|Any CPU
		{79827B1E-CFBF-4C24-B04D-482EAA7DDB6F}.Debug|Any CPU.Build.0 = Debug|Any CPU
		{79827B1E-CFBF-4C24-B04D-482EAA7DDB6F}.Release|Any CPU.ActiveCfg = Release|Any CPU
		{79827B1E-CFBF-4C24-B04D-482EAA7DDB6F}.Release|Any CPU.Build.0 = Release|Any CPU
	EndGlobalSection
	GlobalSection(SolutionProperties) = preSolution
		HideSolutionNode = FALSE
	EndGlobalSection
	GlobalSection(ExtensibilityGlobals) = postSolution
		SolutionGuid = {D4971E3A-B8FE-43B1-BC2D-0DDE83F94BB2}
	EndGlobalSection
EndGlobal
