
Microsoft Visual Studio Solution File, Format Version 12.00
# Visual Studio Version 17
VisualStudioVersion = 17.1.32210.238
MinimumVisualStudioVersion = 10.0.40219.1
Project("{FAE04EC0-301F-11D3-BF4B-00C04F79EFBC}") = "Assignment 7.2 StreamWriter StreamReader", "Assignment 7.2 StreamWriter StreamReader\Assignment 7.2 StreamWriter StreamReader.csproj", "{5E29C237-36BB-4254-B83C-7DF1D5E74287}"
EndProject
Global
	GlobalSection(SolutionConfigurationPlatforms) = preSolution
		Debug|Any CPU = Debug|Any CPU
		Release|Any CPU = Release|Any CPU
	EndGlobalSection
	GlobalSection(ProjectConfigurationPlatforms) = postSolution
		{5E29C237-36BB-4254-B83C-7DF1D5E74287}.Debug|Any CPU.ActiveCfg = Debug|Any CPU
		{5E29C237-36BB-4254-B83C-7DF1D5E74287}.Debug|Any CPU.Build.0 = Debug|Any CPU
		{5E29C237-36BB-4254-B83C-7DF1D5E74287}.Release|Any CPU.ActiveCfg = Release|Any CPU
		{5E29C237-36BB-4254-B83C-7DF1D5E74287}.Release|Any CPU.Build.0 = Release|Any CPU
	EndGlobalSection
	GlobalSection(SolutionProperties) = preSolution
		HideSolutionNode = FALSE
	EndGlobalSection
	GlobalSection(ExtensibilityGlobals) = postSolution
		SolutionGuid = {52965C56-1403-4AA3-AE30-35D7C27A3646}
	EndGlobalSection
EndGlobal
