
Microsoft Visual Studio Solution File, Format Version 12.00
# Visual Studio Version 17
VisualStudioVersion = 17.1.32210.238
MinimumVisualStudioVersion = 10.0.40219.1
Project("{FAE04EC0-301F-11D3-BF4B-00C04F79EFBC}") = "Assignment 7.3 Serialization", "Assignment 7.3 Serialization\Assignment 7.3 Serialization.csproj", "{60BB3BCD-1FA0-4A60-BCEB-CD1675F5304F}"
EndProject
Global
	GlobalSection(SolutionConfigurationPlatforms) = preSolution
		Debug|Any CPU = Debug|Any CPU
		Release|Any CPU = Release|Any CPU
	EndGlobalSection
	GlobalSection(ProjectConfigurationPlatforms) = postSolution
		{60BB3BCD-1FA0-4A60-BCEB-CD1675F5304F}.Debug|Any CPU.ActiveCfg = Debug|Any CPU
		{60BB3BCD-1FA0-4A60-BCEB-CD1675F5304F}.Debug|Any CPU.Build.0 = Debug|Any CPU
		{60BB3BCD-1FA0-4A60-BCEB-CD1675F5304F}.Release|Any CPU.ActiveCfg = Release|Any CPU
		{60BB3BCD-1FA0-4A60-BCEB-CD1675F5304F}.Release|Any CPU.Build.0 = Release|Any CPU
	EndGlobalSection
	GlobalSection(SolutionProperties) = preSolution
		HideSolutionNode = FALSE
	EndGlobalSection
	GlobalSection(ExtensibilityGlobals) = postSolution
		SolutionGuid = {2B19BB13-089C-4F4F-A7E6-0B5EAF9B4CEF}
	EndGlobalSection
EndGlobal
